
Microsoft Visual Studio Solution File, Format Version 12.00
# Visual Studio Version 17
VisualStudioVersion = 17.14.36414.22
MinimumVisualStudioVersion = 10.0.40219.1
Project("{2150E333-8FDC-42A3-9474-1A3956D46DE8}") = "Task0", "Task0", "{02EA681E-C7D8-13C7-8484-4AC65E1B71E8}"
EndProject
Project("{FAE04EC0-301F-11D3-BF4B-00C04F79EFBC}") = "Tyuiu.SivolapEM.Sprint6.Task0.V8.Lib", "Tyuiu.SivolapEM.Sprint6.Task0.V8.Lib\Tyuiu.SivolapEM.Sprint6.Task0.V8.Lib.csproj", "{03B54124-227A-4ABD-B3B3-FF34BD6586CA}"
EndProject
Project("{FAE04EC0-301F-11D3-BF4B-00C04F79EFBC}") = "Tyuiu.SivolapEM.Sprint6.Task0.V8.Test", "Tyuiu.SivolapEM.Sprint6.Task0.V8.Test\Tyuiu.SivolapEM.Sprint6.Task0.V8.Test.csproj", "{CA65A65A-CA41-4BBB-955F-0A6D921672DB}"
EndProject
Project("{FAE04EC0-301F-11D3-BF4B-00C04F79EFBC}") = "Tyuiu.SivolapEM.Sprint6.Task0.V8", "Tyuiu.SivolapEM.Sprint6.Task0.V8\Tyuiu.SivolapEM.Sprint6.Task0.V8.csproj", "{D5CC55FB-069A-4967-9DB1-E9518B5422FB}"
EndProject
Project("{2150E333-8FDC-42A3-9474-1A3956D46DE8}") = "Task1", "Task1", "{E4DA05C7-C1C2-4060-BA7F-B023D867C753}"
EndProject
Project("{FAE04EC0-301F-11D3-BF4B-00C04F79EFBC}") = "Tyuiu.SivolapEM.Sprint6.Task1.V25", "Tyuiu.SivolapEM.Sprint6.Task1.V25\Tyuiu.SivolapEM.Sprint6.Task1.V25.csproj", "{EA2FC3AF-7B4C-4777-9399-E934A83DBF93}"
EndProject
Project("{FAE04EC0-301F-11D3-BF4B-00C04F79EFBC}") = "Tyuiu.SivolapEM.Sprint6.Task1.V25.Lib", "Tyuiu.SivolapEM.Sprint6.Task1.V25.Lib\Tyuiu.SivolapEM.Sprint6.Task1.V25.Lib.csproj", "{2413BB41-5EB8-46BB-85A9-4BB290BEB274}"
EndProject
Project("{FAE04EC0-301F-11D3-BF4B-00C04F79EFBC}") = "Tyuiu.SivolapEM.Sprint6.Task1.V25.Test", "Tyuiu.SivolapEM.Sprint6.Task1.V25.Test\Tyuiu.SivolapEM.Sprint6.Task1.V25.Test.csproj", "{99290776-F6E2-4587-A33D-E03E0F31BA73}"
EndProject
Project("{2150E333-8FDC-42A3-9474-1A3956D46DE8}") = "Task2", "Task2", "{B02E2CC2-CE62-4728-9350-0E2234D7EBAC}"
EndProject
Project("{FAE04EC0-301F-11D3-BF4B-00C04F79EFBC}") = "Tyuiu.SivolapEM.Sprint6.Task2.V30", "Tyuiu.SivolapEM.Sprint6.Task2.V30\Tyuiu.SivolapEM.Sprint6.Task2.V30.csproj", "{298B8C12-43CB-418A-85CE-0548CB6E8BA0}"
EndProject
Project("{FAE04EC0-301F-11D3-BF4B-00C04F79EFBC}") = "Tyuiu.SivolapEM.Sprint6.Task2.V30.Test", "Tyuiu.SivolapEM.Sprint6.Task2.V30.Test\Tyuiu.SivolapEM.Sprint6.Task2.V30.Test.csproj", "{0A1ECBC8-1C1C-4901-B544-F3C6E8DD2BC7}"
EndProject
Project("{FAE04EC0-301F-11D3-BF4B-00C04F79EFBC}") = "Tyuiu.SivolapEM.Sprint6.Task2.V30.Lib", "Tyuiu.SivolapEM.Sprint6.Task2.V30.Lib\Tyuiu.SivolapEM.Sprint6.Task2.V30.Lib.csproj", "{86B8AA99-310E-4DC1-88DC-DCED1B8670D2}"
EndProject
Project("{2150E333-8FDC-42A3-9474-1A3956D46DE8}") = "Task3", "Task3", "{0FE3F8B4-C771-48BF-B2B4-BB6305B48429}"
EndProject
Project("{FAE04EC0-301F-11D3-BF4B-00C04F79EFBC}") = "Tyuiu.SivolapEM.Sprint6.Task3.V15", "Tyuiu.SivolapEM.Sprint6.Task3.V15\Tyuiu.SivolapEM.Sprint6.Task3.V15.csproj", "{6BFC3384-7309-4F53-9A1A-45EDA31ABFEB}"
EndProject
Project("{FAE04EC0-301F-11D3-BF4B-00C04F79EFBC}") = "Tyuiu.SivolapEM.Sprint6.Task3.V15.Lib", "Tyuiu.SivolapEM.Sprint6.Task3.V15.Lib\Tyuiu.SivolapEM.Sprint6.Task3.V15.Lib.csproj", "{CAE7851C-FD2C-4FE9-9F40-7D3114E487BD}"
EndProject
Project("{FAE04EC0-301F-11D3-BF4B-00C04F79EFBC}") = "Tyuiu.SivolapEM.Sprint6.Task3.V15.Test", "Tyuiu.SivolapEM.Sprint6.Task3.V15.Test\Tyuiu.SivolapEM.Sprint6.Task3.V15.Test.csproj", "{E85DA90C-5241-4275-ABE4-969EC65B751F}"
EndProject
Project("{2150E333-8FDC-42A3-9474-1A3956D46DE8}") = "Task4", "Task4", "{756720B5-EBC6-4C80-BB42-F07D24F50778}"
EndProject
Project("{FAE04EC0-301F-11D3-BF4B-00C04F79EFBC}") = "Tyuiu.SivolapEM.Sprint6.Task4.V22", "Tyuiu.SivolapEM.Sprint6.Task4.V22\Tyuiu.SivolapEM.Sprint6.Task4.V22.csproj", "{0B06EB46-41FB-4E62-AD44-35B1FCE61A20}"
EndProject
Project("{FAE04EC0-301F-11D3-BF4B-00C04F79EFBC}") = "Tyuiu.SivolapEM.Sprint6.Task4.V22.Lib", "Tyuiu.SivolapEM.Sprint6.Task4.V22.Lib\Tyuiu.SivolapEM.Sprint6.Task4.V22.Lib.csproj", "{AA3D9A47-4670-4C46-B85B-036AF42C6897}"
EndProject
Project("{FAE04EC0-301F-11D3-BF4B-00C04F79EFBC}") = "Tyuiu.SivolapEM.Sprint6.Task4.V22.Test", "Tyuiu.SivolapEM.Sprint6.Task4.V22.Test\Tyuiu.SivolapEM.Sprint6.Task4.V22.Test.csproj", "{5B9A1376-AB7E-4BFC-BDB2-30B134236F50}"
EndProject
Global
	GlobalSection(SolutionConfigurationPlatforms) = preSolution
		Debug|Any CPU = Debug|Any CPU
		Release|Any CPU = Release|Any CPU
	EndGlobalSection
	GlobalSection(ProjectConfigurationPlatforms) = postSolution
		{03B54124-227A-4ABD-B3B3-FF34BD6586CA}.Debug|Any CPU.ActiveCfg = Debug|Any CPU
		{03B54124-227A-4ABD-B3B3-FF34BD6586CA}.Debug|Any CPU.Build.0 = Debug|Any CPU
		{03B54124-227A-4ABD-B3B3-FF34BD6586CA}.Release|Any CPU.ActiveCfg = Release|Any CPU
		{03B54124-227A-4ABD-B3B3-FF34BD6586CA}.Release|Any CPU.Build.0 = Release|Any CPU
		{CA65A65A-CA41-4BBB-955F-0A6D921672DB}.Debug|Any CPU.ActiveCfg = Debug|Any CPU
		{CA65A65A-CA41-4BBB-955F-0A6D921672DB}.Debug|Any CPU.Build.0 = Debug|Any CPU
		{CA65A65A-CA41-4BBB-955F-0A6D921672DB}.Release|Any CPU.ActiveCfg = Release|Any CPU
		{CA65A65A-CA41-4BBB-955F-0A6D921672DB}.Release|Any CPU.Build.0 = Release|Any CPU
		{D5CC55FB-069A-4967-9DB1-E9518B5422FB}.Debug|Any CPU.ActiveCfg = Debug|Any CPU
		{D5CC55FB-069A-4967-9DB1-E9518B5422FB}.Debug|Any CPU.Build.0 = Debug|Any CPU
		{D5CC55FB-069A-4967-9DB1-E9518B5422FB}.Release|Any CPU.ActiveCfg = Release|Any CPU
		{D5CC55FB-069A-4967-9DB1-E9518B5422FB}.Release|Any CPU.Build.0 = Release|Any CPU
		{EA2FC3AF-7B4C-4777-9399-E934A83DBF93}.Debug|Any CPU.ActiveCfg = Debug|Any CPU
		{EA2FC3AF-7B4C-4777-9399-E934A83DBF93}.Debug|Any CPU.Build.0 = Debug|Any CPU
		{EA2FC3AF-7B4C-4777-9399-E934A83DBF93}.Release|Any CPU.ActiveCfg = Release|Any CPU
		{EA2FC3AF-7B4C-4777-9399-E934A83DBF93}.Release|Any CPU.Build.0 = Release|Any CPU
		{2413BB41-5EB8-46BB-85A9-4BB290BEB274}.Debug|Any CPU.ActiveCfg = Debug|Any CPU
		{2413BB41-5EB8-46BB-85A9-4BB290BEB274}.Debug|Any CPU.Build.0 = Debug|Any CPU
		{2413BB41-5EB8-46BB-85A9-4BB290BEB274}.Release|Any CPU.ActiveCfg = Release|Any CPU
		{2413BB41-5EB8-46BB-85A9-4BB290BEB274}.Release|Any CPU.Build.0 = Release|Any CPU
		{99290776-F6E2-4587-A33D-E03E0F31BA73}.Debug|Any CPU.ActiveCfg = Debug|Any CPU
		{99290776-F6E2-4587-A33D-E03E0F31BA73}.Debug|Any CPU.Build.0 = Debug|Any CPU
		{99290776-F6E2-4587-A33D-E03E0F31BA73}.Release|Any CPU.ActiveCfg = Release|Any CPU
		{99290776-F6E2-4587-A33D-E03E0F31BA73}.Release|Any CPU.Build.0 = Release|Any CPU
		{298B8C12-43CB-418A-85CE-0548CB6E8BA0}.Debug|Any CPU.ActiveCfg = Debug|Any CPU
		{298B8C12-43CB-418A-85CE-0548CB6E8BA0}.Debug|Any CPU.Build.0 = Debug|Any CPU
		{298B8C12-43CB-418A-85CE-0548CB6E8BA0}.Release|Any CPU.ActiveCfg = Release|Any CPU
		{298B8C12-43CB-418A-85CE-0548CB6E8BA0}.Release|Any CPU.Build.0 = Release|Any CPU
		{0A1ECBC8-1C1C-4901-B544-F3C6E8DD2BC7}.Debug|Any CPU.ActiveCfg = Debug|Any CPU
		{0A1ECBC8-1C1C-4901-B544-F3C6E8DD2BC7}.Debug|Any CPU.Build.0 = Debug|Any CPU
		{0A1ECBC8-1C1C-4901-B544-F3C6E8DD2BC7}.Release|Any CPU.ActiveCfg = Release|Any CPU
		{0A1ECBC8-1C1C-4901-B544-F3C6E8DD2BC7}.Release|Any CPU.Build.0 = Release|Any CPU
		{86B8AA99-310E-4DC1-88DC-DCED1B8670D2}.Debug|Any CPU.ActiveCfg = Debug|Any CPU
		{86B8AA99-310E-4DC1-88DC-DCED1B8670D2}.Debug|Any CPU.Build.0 = Debug|Any CPU
		{86B8AA99-310E-4DC1-88DC-DCED1B8670D2}.Release|Any CPU.ActiveCfg = Release|Any CPU
		{86B8AA99-310E-4DC1-88DC-DCED1B8670D2}.Release|Any CPU.Build.0 = Release|Any CPU
		{6BFC3384-7309-4F53-9A1A-45EDA31ABFEB}.Debug|Any CPU.ActiveCfg = Debug|Any CPU
		{6BFC3384-7309-4F53-9A1A-45EDA31ABFEB}.Debug|Any CPU.Build.0 = Debug|Any CPU
		{6BFC3384-7309-4F53-9A1A-45EDA31ABFEB}.Release|Any CPU.ActiveCfg = Release|Any CPU
		{6BFC3384-7309-4F53-9A1A-45EDA31ABFEB}.Release|Any CPU.Build.0 = Release|Any CPU
		{CAE7851C-FD2C-4FE9-9F40-7D3114E487BD}.Debug|Any CPU.ActiveCfg = Debug|Any CPU
		{CAE7851C-FD2C-4FE9-9F40-7D3114E487BD}.Debug|Any CPU.Build.0 = Debug|Any CPU
		{CAE7851C-FD2C-4FE9-9F40-7D3114E487BD}.Release|Any CPU.ActiveCfg = Release|Any CPU
		{CAE7851C-FD2C-4FE9-9F40-7D3114E487BD}.Release|Any CPU.Build.0 = Release|Any CPU
		{E85DA90C-5241-4275-ABE4-969EC65B751F}.Debug|Any CPU.ActiveCfg = Debug|Any CPU
		{E85DA90C-5241-4275-ABE4-969EC65B751F}.Debug|Any CPU.Build.0 = Debug|Any CPU
		{E85DA90C-5241-4275-ABE4-969EC65B751F}.Release|Any CPU.ActiveCfg = Release|Any CPU
		{E85DA90C-5241-4275-ABE4-969EC65B751F}.Release|Any CPU.Build.0 = Release|Any CPU
		{0B06EB46-41FB-4E62-AD44-35B1FCE61A20}.Debug|Any CPU.ActiveCfg = Debug|Any CPU
		{0B06EB46-41FB-4E62-AD44-35B1FCE61A20}.Debug|Any CPU.Build.0 = Debug|Any CPU
		{0B06EB46-41FB-4E62-AD44-35B1FCE61A20}.Release|Any CPU.ActiveCfg = Release|Any CPU
		{0B06EB46-41FB-4E62-AD44-35B1FCE61A20}.Release|Any CPU.Build.0 = Release|Any CPU
		{AA3D9A47-4670-4C46-B85B-036AF42C6897}.Debug|Any CPU.ActiveCfg = Debug|Any CPU
		{AA3D9A47-4670-4C46-B85B-036AF42C6897}.Debug|Any CPU.Build.0 = Debug|Any CPU
		{AA3D9A47-4670-4C46-B85B-036AF42C6897}.Release|Any CPU.ActiveCfg = Release|Any CPU
		{AA3D9A47-4670-4C46-B85B-036AF42C6897}.Release|Any CPU.Build.0 = Release|Any CPU
		{5B9A1376-AB7E-4BFC-BDB2-30B134236F50}.Debug|Any CPU.ActiveCfg = Debug|Any CPU
		{5B9A1376-AB7E-4BFC-BDB2-30B134236F50}.Debug|Any CPU.Build.0 = Debug|Any CPU
		{5B9A1376-AB7E-4BFC-BDB2-30B134236F50}.Release|Any CPU.ActiveCfg = Release|Any CPU
		{5B9A1376-AB7E-4BFC-BDB2-30B134236F50}.Release|Any CPU.Build.0 = Release|Any CPU
	EndGlobalSection
	GlobalSection(SolutionProperties) = preSolution
		HideSolutionNode = FALSE
	EndGlobalSection
	GlobalSection(NestedProjects) = preSolution
		{03B54124-227A-4ABD-B3B3-FF34BD6586CA} = {02EA681E-C7D8-13C7-8484-4AC65E1B71E8}
		{CA65A65A-CA41-4BBB-955F-0A6D921672DB} = {02EA681E-C7D8-13C7-8484-4AC65E1B71E8}
		{D5CC55FB-069A-4967-9DB1-E9518B5422FB} = {02EA681E-C7D8-13C7-8484-4AC65E1B71E8}
		{EA2FC3AF-7B4C-4777-9399-E934A83DBF93} = {E4DA05C7-C1C2-4060-BA7F-B023D867C753}
		{2413BB41-5EB8-46BB-85A9-4BB290BEB274} = {E4DA05C7-C1C2-4060-BA7F-B023D867C753}
		{99290776-F6E2-4587-A33D-E03E0F31BA73} = {E4DA05C7-C1C2-4060-BA7F-B023D867C753}
		{298B8C12-43CB-418A-85CE-0548CB6E8BA0} = {B02E2CC2-CE62-4728-9350-0E2234D7EBAC}
		{0A1ECBC8-1C1C-4901-B544-F3C6E8DD2BC7} = {B02E2CC2-CE62-4728-9350-0E2234D7EBAC}
		{86B8AA99-310E-4DC1-88DC-DCED1B8670D2} = {B02E2CC2-CE62-4728-9350-0E2234D7EBAC}
		{6BFC3384-7309-4F53-9A1A-45EDA31ABFEB} = {0FE3F8B4-C771-48BF-B2B4-BB6305B48429}
		{CAE7851C-FD2C-4FE9-9F40-7D3114E487BD} = {0FE3F8B4-C771-48BF-B2B4-BB6305B48429}
		{E85DA90C-5241-4275-ABE4-969EC65B751F} = {0FE3F8B4-C771-48BF-B2B4-BB6305B48429}
		{0B06EB46-41FB-4E62-AD44-35B1FCE61A20} = {756720B5-EBC6-4C80-BB42-F07D24F50778}
		{AA3D9A47-4670-4C46-B85B-036AF42C6897} = {756720B5-EBC6-4C80-BB42-F07D24F50778}
		{5B9A1376-AB7E-4BFC-BDB2-30B134236F50} = {756720B5-EBC6-4C80-BB42-F07D24F50778}
	EndGlobalSection
	GlobalSection(ExtensibilityGlobals) = postSolution
		SolutionGuid = {CA420B67-5146-4887-A2C2-5470181E856F}
	EndGlobalSection
EndGlobal
